<?xml version="1.0" encoding="utf-8"?>
<Project ToolsVersion="4.0" xmlns="http://schemas.microsoft.com/developer/msbuild/2003">
  <ItemGroup>
    <ClCompile Include="Backbuffer.cpp">
      <Filter>2DFrameWork\Backbuffer</Filter>
    </ClCompile>
    <ClCompile Include="Util.cpp">
      <Filter>2DFrameWork\Util</Filter>
    </ClCompile>
    <ClCompile Include="KeyManager.cpp">
      <Filter>2DFrameWork\Manager</Filter>
    </ClCompile>
    <ClCompile Include="Image.cpp">
      <Filter>2DFrameWork\Image</Filter>
    </ClCompile>
    <ClCompile Include="CollisionFunction.cpp">
      <Filter>2DFrameWork\Util\System</Filter>
    </ClCompile>
    <ClCompile Include="Monster.cpp">
      <Filter>MainGame\Object\Character</Filter>
    </ClCompile>
    <ClCompile Include="Player.cpp">
      <Filter>MainGame\Object\Character</Filter>
    </ClCompile>
    <ClCompile Include="GameNode.cpp">
      <Filter>2DFrameWork\GameNode</Filter>
    </ClCompile>
    <ClCompile Include="MainGame.cpp">
      <Filter>MainGame</Filter>
    </ClCompile>
    <ClCompile Include="main.cpp">
      <Filter>소스 파일</Filter>
    </ClCompile>
    <ClCompile Include="GameScene.cpp">
      <Filter>MainGame\Scene</Filter>
    </ClCompile>
    <ClCompile Include="Scene.cpp">
      <Filter>MainGame\Scene</Filter>
    </ClCompile>
    <ClCompile Include="Gun.cpp">
      <Filter>MainGame\Object\Gun</Filter>
    </ClCompile>
    <ClCompile Include="Bullet.cpp">
      <Filter>MainGame\Object\Bullet</Filter>
    </ClCompile>
    <ClCompile Include="SceneManager.cpp">
      <Filter>2DFrameWork\Manager</Filter>
    </ClCompile>
    <ClCompile Include="GameSystem.cpp">
      <Filter>2DFrameWork\Util\System</Filter>
    </ClCompile>
    <ClCompile Include="CollisionObject.cpp">
      <Filter>MainGame\Object</Filter>
    </ClCompile>
    <ClCompile Include="DegreeGun.cpp">
      <Filter>MainGame\Object\Gun</Filter>
    </ClCompile>
    <ClCompile Include="GuidedMissileGun.cpp">
      <Filter>MainGame\Object\Gun</Filter>
    </ClCompile>
    <ClCompile Include="MultiGun.cpp">
      <Filter>MainGame\Object\Gun</Filter>
    </ClCompile>
    <ClCompile Include="RevolvingGun.cpp">
      <Filter>MainGame\Object\Gun</Filter>
    </ClCompile>
    <ClCompile Include="Animation.cpp">
      <Filter>2DFrameWork\Animation</Filter>
    </ClCompile>
    <ClCompile Include="ImageManager.cpp">
      <Filter>2DFrameWork\Manager</Filter>
    </ClCompile>
    <ClCompile Include="Timer.cpp">
      <Filter>2DFrameWork\Timer</Filter>
    </ClCompile>
    <ClCompile Include="TimeManager.cpp">
      <Filter>2DFrameWork\Manager</Filter>
    </ClCompile>
    <ClCompile Include="PlayerGun.cpp">
      <Filter>MainGame\Object\Gun</Filter>
    </ClCompile>
  </ItemGroup>
  <ItemGroup>
    <ClInclude Include="Backbuffer.h">
      <Filter>2DFrameWork\Backbuffer</Filter>
    </ClInclude>
    <ClInclude Include="Util.h">
      <Filter>2DFrameWork\Util</Filter>
    </ClInclude>
    <ClInclude Include="KeyManager.h">
      <Filter>2DFrameWork\Manager</Filter>
    </ClInclude>
    <ClInclude Include="Image.h">
      <Filter>2DFrameWork\Image</Filter>
    </ClInclude>
    <ClInclude Include="CollisionFunction.h">
      <Filter>2DFrameWork\Util\System</Filter>
    </ClInclude>
    <ClInclude Include="commonMacroFuntion.h">
      <Filter>2DFrameWork\Func</Filter>
    </ClInclude>
    <ClInclude Include="CustomDefine.h">
      <Filter>2DFrameWork\Func</Filter>
    </ClInclude>
    <ClInclude Include="MacroDefine.h">
      <Filter>2DFrameWork\Func</Filter>
    </ClInclude>
    <ClInclude Include="RandomFunction.h">
      <Filter>2DFrameWork\Func</Filter>
    </ClInclude>
    <ClInclude Include="stdafx.h">
      <Filter>2DFrameWork\Func</Filter>
    </ClInclude>
    <ClInclude Include="Monster.h">
      <Filter>MainGame\Object\Character</Filter>
    </ClInclude>
    <ClInclude Include="Player.h">
      <Filter>MainGame\Object\Character</Filter>
    </ClInclude>
    <ClInclude Include="GameNode.h">
      <Filter>2DFrameWork\GameNode</Filter>
    </ClInclude>
    <ClInclude Include="MainGame.h">
      <Filter>MainGame</Filter>
    </ClInclude>
    <ClInclude Include="SingleTon.h">
      <Filter>2DFrameWork\Func\SingleTon</Filter>
    </ClInclude>
    <ClInclude Include="GameScene.h">
      <Filter>MainGame\Scene</Filter>
    </ClInclude>
    <ClInclude Include="Scene.h">
      <Filter>MainGame\Scene</Filter>
    </ClInclude>
    <ClInclude Include="Gun.h">
      <Filter>MainGame\Object\Gun</Filter>
    </ClInclude>
    <ClInclude Include="Bullet.h">
      <Filter>MainGame\Object\Bullet</Filter>
    </ClInclude>
    <ClInclude Include="SceneManager.h">
      <Filter>2DFrameWork\Manager</Filter>
    </ClInclude>
    <ClInclude Include="GameSystem.h">
      <Filter>2DFrameWork\Util\System</Filter>
    </ClInclude>
    <ClInclude Include="CollisionObject.h">
      <Filter>MainGame\Object</Filter>
    </ClInclude>
    <ClInclude Include="DegreeGun.h">
      <Filter>MainGame\Object\Gun</Filter>
    </ClInclude>
    <ClInclude Include="GuidedMissileGun.h">
      <Filter>MainGame\Object\Gun</Filter>
    </ClInclude>
    <ClInclude Include="MultiGun.h">
      <Filter>MainGame\Object\Gun</Filter>
    </ClInclude>
    <ClInclude Include="RevolvingGun.h">
      <Filter>MainGame\Object\Gun</Filter>
    </ClInclude>
    <ClInclude Include="Animation.h">
      <Filter>2DFrameWork\Animation</Filter>
    </ClInclude>
    <ClInclude Include="ImageManager.h">
      <Filter>2DFrameWork\Manager</Filter>
    </ClInclude>
    <ClInclude Include="Timer.h">
      <Filter>2DFrameWork\Timer</Filter>
    </ClInclude>
    <ClInclude Include="TimeManager.h">
      <Filter>2DFrameWork\Manager</Filter>
    </ClInclude>
    <ClInclude Include="PlayerGun.h">
      <Filter>MainGame\Object\Gun</Filter>
    </ClInclude>
  </ItemGroup>
  <ItemGroup>
    <Filter Include="2DFrameWork">
      <UniqueIdentifier>{5ca45fc2-0f33-4abc-9740-94da49e8f0eb}</UniqueIdentifier>
    </Filter>
    <Filter Include="MainGame">
      <UniqueIdentifier>{68d23e92-f234-4d5f-88dc-338403f68e62}</UniqueIdentifier>
    </Filter>
    <Filter Include="2DFrameWork\Backbuffer">
      <UniqueIdentifier>{bb2a4dc5-59af-49e9-8573-04843b73c02c}</UniqueIdentifier>
    </Filter>
    <Filter Include="2DFrameWork\GameNode">
      <UniqueIdentifier>{8fd83357-aa91-4349-a7a5-eff0d6e0084a}</UniqueIdentifier>
    </Filter>
    <Filter Include="2DFrameWork\Image">
      <UniqueIdentifier>{e7ec60e2-4947-47d3-a311-4ee5a0894c8d}</UniqueIdentifier>
    </Filter>
    <Filter Include="2DFrameWork\Manager">
      <UniqueIdentifier>{8734eeb5-e123-45d7-b6d4-fe57b0531a65}</UniqueIdentifier>
    </Filter>
    <Filter Include="2DFrameWork\Util">
      <UniqueIdentifier>{9da465c3-945b-4884-9284-befe799013e0}</UniqueIdentifier>
    </Filter>
    <Filter Include="2DFrameWork\Util\System">
      <UniqueIdentifier>{16d32272-cdf2-4a6b-8e4a-db6a2dedc31a}</UniqueIdentifier>
    </Filter>
    <Filter Include="2DFrameWork\Func">
      <UniqueIdentifier>{cf32ead8-c00a-4a58-aff4-e29064bc67ee}</UniqueIdentifier>
    </Filter>
    <Filter Include="헤더 파일">
      <UniqueIdentifier>{c6b2ef52-8648-43ac-b268-ec8f441ce0d0}</UniqueIdentifier>
    </Filter>
    <Filter Include="소스 파일">
      <UniqueIdentifier>{c61b5565-f19b-4a34-827b-b19e3025f020}</UniqueIdentifier>
    </Filter>
    <Filter Include="MainGame\Object">
      <UniqueIdentifier>{d2d104d7-f257-4eab-8bb9-cda49dbd62c5}</UniqueIdentifier>
    </Filter>
    <Filter Include="MainGame\Object\Character">
      <UniqueIdentifier>{3dbc1aa3-0cb5-4ed8-8184-51e930163a34}</UniqueIdentifier>
    </Filter>
    <Filter Include="Test">
      <UniqueIdentifier>{e6226ba8-bdd8-46c5-8c7f-39bdb69fec83}</UniqueIdentifier>
    </Filter>
    <Filter Include="MainGame\Scene">
      <UniqueIdentifier>{f2dacfe2-f949-432a-8864-f90ccedfd4a8}</UniqueIdentifier>
    </Filter>
    <Filter Include="2DFrameWork\Func\SingleTon">
      <UniqueIdentifier>{b2e100c6-6bd0-473f-8a01-e44c50f44b4f}</UniqueIdentifier>
    </Filter>
    <Filter Include="MainGame\Object\Gun">
      <UniqueIdentifier>{3cb4e549-b1db-4cac-b245-752033e3702f}</UniqueIdentifier>
    </Filter>
    <Filter Include="MainGame\Object\Bullet">
      <UniqueIdentifier>{74738a1f-02f2-43d9-91b4-494fcde8d4f8}</UniqueIdentifier>
    </Filter>
    <Filter Include="리소스">
      <UniqueIdentifier>{a13f5188-e232-401f-b3ce-b7168157e74f}</UniqueIdentifier>
    </Filter>
    <Filter Include="2DFrameWork\Animation">
      <UniqueIdentifier>{3bc1cb57-2180-4b84-80e7-b4adaf1695fa}</UniqueIdentifier>
    </Filter>
    <Filter Include="2DFrameWork\Timer">
      <UniqueIdentifier>{056ddfab-a701-4bd8-86b0-406e6dd75f4c}</UniqueIdentifier>
    </Filter>
  </ItemGroup>
</Project>